
Microsoft Visual Studio Solution File, Format Version 12.00
# Visual Studio Version 17
VisualStudioVersion = 17.13.35617.110
MinimumVisualStudioVersion = 10.0.40219.1
Project("{FAE04EC0-301F-11D3-BF4B-00C04F79EFBC}") = "WebApplication4", "WebApplication4\WebApplication4.csproj", "{8BA098D6-F067-4580-A01C-0D47F1C6220E}"
EndProject
Project("{FAE04EC0-301F-11D3-BF4B-00C04F79EFBC}") = "RDLC", "RDLC\RDLC.csproj", "{AD5C4C0A-B8DD-49BD-A44C-5EE268BF2A2C}"
EndProject
Global
	GlobalSection(SolutionConfigurationPlatforms) = preSolution
		Debug|Any CPU = Debug|Any CPU
		Release|Any CPU = Release|Any CPU
	EndGlobalSection
	GlobalSection(ProjectConfigurationPlatforms) = postSolution
		{8BA098D6-F067-4580-A01C-0D47F1C6220E}.Debug|Any CPU.ActiveCfg = Debug|Any CPU
		{8BA098D6-F067-4580-A01C-0D47F1C6220E}.Debug|Any CPU.Build.0 = Debug|Any CPU
		{8BA098D6-F067-4580-A01C-0D47F1C6220E}.Release|Any CPU.ActiveCfg = Release|Any CPU
		{8BA098D6-F067-4580-A01C-0D47F1C6220E}.Release|Any CPU.Build.0 = Release|Any CPU
		{AD5C4C0A-B8DD-49BD-A44C-5EE268BF2A2C}.Debug|Any CPU.ActiveCfg = Debug|Any CPU
		{AD5C4C0A-B8DD-49BD-A44C-5EE268BF2A2C}.Debug|Any CPU.Build.0 = Debug|Any CPU
		{AD5C4C0A-B8DD-49BD-A44C-5EE268BF2A2C}.Release|Any CPU.ActiveCfg = Release|Any CPU
		{AD5C4C0A-B8DD-49BD-A44C-5EE268BF2A2C}.Release|Any CPU.Build.0 = Release|Any CPU
	EndGlobalSection
	GlobalSection(SolutionProperties) = preSolution
		HideSolutionNode = FALSE
	EndGlobalSection
	GlobalSection(ExtensibilityGlobals) = postSolution
		SolutionGuid = {B4E53A9F-6D77-468B-81BB-E94B96874A3E}
	EndGlobalSection
EndGlobal
